
Microsoft Visual Studio Solution File, Format Version 12.00
# Visual Studio Version 17
VisualStudioVersion = 17.9.34526.213
MinimumVisualStudioVersion = 10.0.40219.1
Project("{FAE04EC0-301F-11D3-BF4B-00C04F79EFBC}") = "WpfAppHelix3D", "WpfAppHelix3D.csproj", "{BC98CB95-5E08-43A5-894F-E8BDB44BC625}"
EndProject
Global
	GlobalSection(SolutionConfigurationPlatforms) = preSolution
		Debug|Any CPU = Debug|Any CPU
		Release|Any CPU = Release|Any CPU
	EndGlobalSection
	GlobalSection(ProjectConfigurationPlatforms) = postSolution
		{BC98CB95-5E08-43A5-894F-E8BDB44BC625}.Debug|Any CPU.ActiveCfg = Debug|Any CPU
		{BC98CB95-5E08-43A5-894F-E8BDB44BC625}.Debug|Any CPU.Build.0 = Debug|Any CPU
		{BC98CB95-5E08-43A5-894F-E8BDB44BC625}.Release|Any CPU.ActiveCfg = Release|Any CPU
		{BC98CB95-5E08-43A5-894F-E8BDB44BC625}.Release|Any CPU.Build.0 = Release|Any CPU
	EndGlobalSection
	GlobalSection(SolutionProperties) = preSolution
		HideSolutionNode = FALSE
	EndGlobalSection
	GlobalSection(ExtensibilityGlobals) = postSolution
		SolutionGuid = {20F2A7B3-60FD-416A-9310-CDD208145699}
	EndGlobalSection
EndGlobal
